
Microsoft Visual Studio Solution File, Format Version 12.00
# Visual Studio Version 17
VisualStudioVersion = 17.0.31903.59
MinimumVisualStudioVersion = 10.0.40219.1
Project("{FAE04EC0-301F-11D3-BF4B-00C04F79EFBC}") = "secondTutorial", "secondTutorial\secondTutorial.csproj", "{8A112232-D5BB-44BE-B1BB-9AE55BADE226}"
EndProject
Project("{FAE04EC0-301F-11D3-BF4B-00C04F79EFBC}") = "fifthTutorial", "fifthTutorial\fifthTutorial.csproj", "{27F0F0B5-CBD6-42DC-80EA-5EC27841E5C8}"
EndProject
Project("{FAE04EC0-301F-11D3-BF4B-00C04F79EFBC}") = "sixthTutorial", "sixthTutorial\sixthTutorial.csproj", "{7C11E144-3BA8-4802-96BB-DED70D85A48D}"
EndProject
Project("{FAE04EC0-301F-11D3-BF4B-00C04F79EFBC}") = "seventhTutorial", "seventhTutorial\seventhTutorial.csproj", "{07992955-EAF3-4F33-B5CE-B330C1FE2A45}"
EndProject
Project("{FAE04EC0-301F-11D3-BF4B-00C04F79EFBC}") = "eightTutorial", "eightTutorial\eightTutorial.csproj", "{E000836C-3F8C-4763-9673-01D49BB1C74A}"
EndProject
Project("{FAE04EC0-301F-11D3-BF4B-00C04F79EFBC}") = "object-as-Return-Value", "object-as-Return-Value\object-as-Return-Value.csproj", "{963119CA-F414-45F0-9480-12764C262E7D}"
EndProject
Project("{FAE04EC0-301F-11D3-BF4B-00C04F79EFBC}") = "coba-object-as-return", "coba-object-as-return\coba-object-as-return.csproj", "{630599AE-CC15-4C8F-8449-7AFDBF27C427}"
EndProject
Project("{2150E333-8FDC-42A3-9474-1A3956D46DE8}") = "hari-7", "hari-7", "{C466DC90-A30E-45D7-BEBB-F5924BA7A199}"
EndProject
Project("{FAE04EC0-301F-11D3-BF4B-00C04F79EFBC}") = "struckclass", "hari-7\struckclass\struckclass.csproj", "{2E45FDC6-067F-425B-B8AB-488958FC9B98}"
EndProject
Global
	GlobalSection(SolutionConfigurationPlatforms) = preSolution
		Debug|Any CPU = Debug|Any CPU
		Release|Any CPU = Release|Any CPU
	EndGlobalSection
	GlobalSection(SolutionProperties) = preSolution
		HideSolutionNode = FALSE
	EndGlobalSection
	GlobalSection(ProjectConfigurationPlatforms) = postSolution
		{8A112232-D5BB-44BE-B1BB-9AE55BADE226}.Debug|Any CPU.ActiveCfg = Debug|Any CPU
		{8A112232-D5BB-44BE-B1BB-9AE55BADE226}.Debug|Any CPU.Build.0 = Debug|Any CPU
		{8A112232-D5BB-44BE-B1BB-9AE55BADE226}.Release|Any CPU.ActiveCfg = Release|Any CPU
		{8A112232-D5BB-44BE-B1BB-9AE55BADE226}.Release|Any CPU.Build.0 = Release|Any CPU
		{27F0F0B5-CBD6-42DC-80EA-5EC27841E5C8}.Debug|Any CPU.ActiveCfg = Debug|Any CPU
		{27F0F0B5-CBD6-42DC-80EA-5EC27841E5C8}.Debug|Any CPU.Build.0 = Debug|Any CPU
		{27F0F0B5-CBD6-42DC-80EA-5EC27841E5C8}.Release|Any CPU.ActiveCfg = Release|Any CPU
		{27F0F0B5-CBD6-42DC-80EA-5EC27841E5C8}.Release|Any CPU.Build.0 = Release|Any CPU
		{7C11E144-3BA8-4802-96BB-DED70D85A48D}.Debug|Any CPU.ActiveCfg = Debug|Any CPU
		{7C11E144-3BA8-4802-96BB-DED70D85A48D}.Debug|Any CPU.Build.0 = Debug|Any CPU
		{7C11E144-3BA8-4802-96BB-DED70D85A48D}.Release|Any CPU.ActiveCfg = Release|Any CPU
		{7C11E144-3BA8-4802-96BB-DED70D85A48D}.Release|Any CPU.Build.0 = Release|Any CPU
		{07992955-EAF3-4F33-B5CE-B330C1FE2A45}.Debug|Any CPU.ActiveCfg = Debug|Any CPU
		{07992955-EAF3-4F33-B5CE-B330C1FE2A45}.Debug|Any CPU.Build.0 = Debug|Any CPU
		{07992955-EAF3-4F33-B5CE-B330C1FE2A45}.Release|Any CPU.ActiveCfg = Release|Any CPU
		{07992955-EAF3-4F33-B5CE-B330C1FE2A45}.Release|Any CPU.Build.0 = Release|Any CPU
		{E000836C-3F8C-4763-9673-01D49BB1C74A}.Debug|Any CPU.ActiveCfg = Debug|Any CPU
		{E000836C-3F8C-4763-9673-01D49BB1C74A}.Debug|Any CPU.Build.0 = Debug|Any CPU
		{E000836C-3F8C-4763-9673-01D49BB1C74A}.Release|Any CPU.ActiveCfg = Release|Any CPU
		{E000836C-3F8C-4763-9673-01D49BB1C74A}.Release|Any CPU.Build.0 = Release|Any CPU
		{963119CA-F414-45F0-9480-12764C262E7D}.Debug|Any CPU.ActiveCfg = Debug|Any CPU
		{963119CA-F414-45F0-9480-12764C262E7D}.Debug|Any CPU.Build.0 = Debug|Any CPU
		{963119CA-F414-45F0-9480-12764C262E7D}.Release|Any CPU.ActiveCfg = Release|Any CPU
		{963119CA-F414-45F0-9480-12764C262E7D}.Release|Any CPU.Build.0 = Release|Any CPU
		{630599AE-CC15-4C8F-8449-7AFDBF27C427}.Debug|Any CPU.ActiveCfg = Debug|Any CPU
		{630599AE-CC15-4C8F-8449-7AFDBF27C427}.Debug|Any CPU.Build.0 = Debug|Any CPU
		{630599AE-CC15-4C8F-8449-7AFDBF27C427}.Release|Any CPU.ActiveCfg = Release|Any CPU
		{630599AE-CC15-4C8F-8449-7AFDBF27C427}.Release|Any CPU.Build.0 = Release|Any CPU
		{2E45FDC6-067F-425B-B8AB-488958FC9B98}.Debug|Any CPU.ActiveCfg = Debug|Any CPU
		{2E45FDC6-067F-425B-B8AB-488958FC9B98}.Debug|Any CPU.Build.0 = Debug|Any CPU
		{2E45FDC6-067F-425B-B8AB-488958FC9B98}.Release|Any CPU.ActiveCfg = Release|Any CPU
		{2E45FDC6-067F-425B-B8AB-488958FC9B98}.Release|Any CPU.Build.0 = Release|Any CPU
	EndGlobalSection
	GlobalSection(NestedProjects) = preSolution
		{2E45FDC6-067F-425B-B8AB-488958FC9B98} = {C466DC90-A30E-45D7-BEBB-F5924BA7A199}
	EndGlobalSection
EndGlobal
